
Microsoft Visual Studio Solution File, Format Version 12.00
# Visual Studio Version 17
VisualStudioVersion = 17.8.34316.72
MinimumVisualStudioVersion = 10.0.40219.1
Project("{9A19103F-16F7-4668-BE54-9A1E7A4F7556}") = "CarRentalManagement.Server", "CarRentalManagement\Server\CarRentalManagement.Server.csproj", "{92C1CCE0-484F-4224-8C1D-77EE79C4DF17}"
EndProject
Project("{9A19103F-16F7-4668-BE54-9A1E7A4F7556}") = "CarRentalManagement.Client", "CarRentalManagement\Client\CarRentalManagement.Client.csproj", "{C1A741DE-44A3-4A74-948F-40928A77FD91}"
EndProject
Project("{9A19103F-16F7-4668-BE54-9A1E7A4F7556}") = "CarRentalManagement.Shared", "CarRentalManagement\Shared\CarRentalManagement.Shared.csproj", "{406D6ECD-28A3-4F89-B4A2-AAE2557DC1B3}"
EndProject
Global
	GlobalSection(SolutionConfigurationPlatforms) = preSolution
		Debug|Any CPU = Debug|Any CPU
		Release|Any CPU = Release|Any CPU
	EndGlobalSection
	GlobalSection(ProjectConfigurationPlatforms) = postSolution
		{92C1CCE0-484F-4224-8C1D-77EE79C4DF17}.Debug|Any CPU.ActiveCfg = Debug|Any CPU
		{92C1CCE0-484F-4224-8C1D-77EE79C4DF17}.Debug|Any CPU.Build.0 = Debug|Any CPU
		{92C1CCE0-484F-4224-8C1D-77EE79C4DF17}.Release|Any CPU.ActiveCfg = Release|Any CPU
		{92C1CCE0-484F-4224-8C1D-77EE79C4DF17}.Release|Any CPU.Build.0 = Release|Any CPU
		{C1A741DE-44A3-4A74-948F-40928A77FD91}.Debug|Any CPU.ActiveCfg = Debug|Any CPU
		{C1A741DE-44A3-4A74-948F-40928A77FD91}.Debug|Any CPU.Build.0 = Debug|Any CPU
		{C1A741DE-44A3-4A74-948F-40928A77FD91}.Release|Any CPU.ActiveCfg = Release|Any CPU
		{C1A741DE-44A3-4A74-948F-40928A77FD91}.Release|Any CPU.Build.0 = Release|Any CPU
		{406D6ECD-28A3-4F89-B4A2-AAE2557DC1B3}.Debug|Any CPU.ActiveCfg = Debug|Any CPU
		{406D6ECD-28A3-4F89-B4A2-AAE2557DC1B3}.Debug|Any CPU.Build.0 = Debug|Any CPU
		{406D6ECD-28A3-4F89-B4A2-AAE2557DC1B3}.Release|Any CPU.ActiveCfg = Release|Any CPU
		{406D6ECD-28A3-4F89-B4A2-AAE2557DC1B3}.Release|Any CPU.Build.0 = Release|Any CPU
	EndGlobalSection
	GlobalSection(SolutionProperties) = preSolution
		HideSolutionNode = FALSE
	EndGlobalSection
	GlobalSection(ExtensibilityGlobals) = postSolution
		SolutionGuid = {1ED35938-0ADF-4894-9C5F-89F65FF2F525}
	EndGlobalSection
EndGlobal
